
Microsoft Visual Studio Solution File, Format Version 12.00
# Visual Studio 2012
Project("{FAE04EC0-301F-11D3-BF4B-00C04F79EFBC}") = "Tools", "Tools\Tools.csproj", "{A608278D-CC7F-4227-A3FC-96A9938817B4}"
EndProject
Global
	GlobalSection(SolutionConfigurationPlatforms) = preSolution
		Debug|Any CPU = Debug|Any CPU
		Release|Any CPU = Release|Any CPU
	EndGlobalSection
	GlobalSection(ProjectConfigurationPlatforms) = postSolution
		{A608278D-CC7F-4227-A3FC-96A9938817B4}.Debug|Any CPU.ActiveCfg = Debug|Any CPU
		{A608278D-CC7F-4227-A3FC-96A9938817B4}.Debug|Any CPU.Build.0 = Debug|Any CPU
		{A608278D-CC7F-4227-A3FC-96A9938817B4}.Release|Any CPU.ActiveCfg = Release|Any CPU
		{A608278D-CC7F-4227-A3FC-96A9938817B4}.Release|Any CPU.Build.0 = Release|Any CPU
	EndGlobalSection
EndGlobal
